
Microsoft Visual Studio Solution File, Format Version 12.00
# Visual Studio 14
VisualStudioVersion = 14.0.25123.0
MinimumVisualStudioVersion = 10.0.40219.1
Project("{FAE04EC0-301F-11D3-BF4B-00C04F79EFBC}") = "Algorithms", "Algorithms\Algorithms.csproj", "{79813398-A7A2-415B-A34C-E8EBAABD8B6C}"
EndProject
Project("{FAE04EC0-301F-11D3-BF4B-00C04F79EFBC}") = "AlgorithmsTest", "AlgorithmTest\AlgorithmsTest.csproj", "{C8019E9D-808B-49DE-9CB6-8A8AC9B56AA7}"
EndProject
Global
	GlobalSection(SolutionConfigurationPlatforms) = preSolution
		Debug|Any CPU = Debug|Any CPU
		Release|Any CPU = Release|Any CPU
	EndGlobalSection
	GlobalSection(ProjectConfigurationPlatforms) = postSolution
		{79813398-A7A2-415B-A34C-E8EBAABD8B6C}.Debug|Any CPU.ActiveCfg = Debug|Any CPU
		{79813398-A7A2-415B-A34C-E8EBAABD8B6C}.Debug|Any CPU.Build.0 = Debug|Any CPU
		{79813398-A7A2-415B-A34C-E8EBAABD8B6C}.Release|Any CPU.ActiveCfg = Release|Any CPU
		{79813398-A7A2-415B-A34C-E8EBAABD8B6C}.Release|Any CPU.Build.0 = Release|Any CPU
		{C8019E9D-808B-49DE-9CB6-8A8AC9B56AA7}.Debug|Any CPU.ActiveCfg = Debug|Any CPU
		{C8019E9D-808B-49DE-9CB6-8A8AC9B56AA7}.Debug|Any CPU.Build.0 = Debug|Any CPU
		{C8019E9D-808B-49DE-9CB6-8A8AC9B56AA7}.Release|Any CPU.ActiveCfg = Release|Any CPU
		{C8019E9D-808B-49DE-9CB6-8A8AC9B56AA7}.Release|Any CPU.Build.0 = Release|Any CPU
	EndGlobalSection
	GlobalSection(SolutionProperties) = preSolution
		HideSolutionNode = FALSE
	EndGlobalSection
EndGlobal
